
Microsoft Visual Studio Solution File, Format Version 12.00
# Visual Studio Version 17
VisualStudioVersion = 17.4.33403.182
MinimumVisualStudioVersion = 10.0.40219.1
Project("{FAE04EC0-301F-11D3-BF4B-00C04F79EFBC}") = "TestUnit", "TestUnit\TestUnit.csproj", "{45AD3CC7-04D9-4E5F-89DD-571A5CDE6F35}"
EndProject
Global
	GlobalSection(SolutionConfigurationPlatforms) = preSolution
		Debug|Any CPU = Debug|Any CPU
		Release|Any CPU = Release|Any CPU
	EndGlobalSection
	GlobalSection(ProjectConfigurationPlatforms) = postSolution
		{45AD3CC7-04D9-4E5F-89DD-571A5CDE6F35}.Debug|Any CPU.ActiveCfg = Debug|Any CPU
		{45AD3CC7-04D9-4E5F-89DD-571A5CDE6F35}.Debug|Any CPU.Build.0 = Debug|Any CPU
		{45AD3CC7-04D9-4E5F-89DD-571A5CDE6F35}.Release|Any CPU.ActiveCfg = Release|Any CPU
		{45AD3CC7-04D9-4E5F-89DD-571A5CDE6F35}.Release|Any CPU.Build.0 = Release|Any CPU
	EndGlobalSection
	GlobalSection(SolutionProperties) = preSolution
		HideSolutionNode = FALSE
	EndGlobalSection
	GlobalSection(ExtensibilityGlobals) = postSolution
		SolutionGuid = {7CA472D4-EF90-48E2-99AC-D8795BE1A68D}
	EndGlobalSection
EndGlobal
